
Microsoft Visual Studio Solution File, Format Version 12.00
# Visual Studio 15
VisualStudioVersion = 15.0.28307.1705
MinimumVisualStudioVersion = 10.0.40219.1
Project("{FAE04EC0-301F-11D3-BF4B-00C04F79EFBC}") = "Web_ban_giay", "Web_ban_giay\Web_ban_giay.csproj", "{9C6AE6B2-1CEE-4C63-9B08-2C7701B82CC0}"
EndProject
Global
	GlobalSection(SolutionConfigurationPlatforms) = preSolution
		Debug|Any CPU = Debug|Any CPU
		Release|Any CPU = Release|Any CPU
	EndGlobalSection
	GlobalSection(ProjectConfigurationPlatforms) = postSolution
		{9C6AE6B2-1CEE-4C63-9B08-2C7701B82CC0}.Debug|Any CPU.ActiveCfg = Debug|Any CPU
		{9C6AE6B2-1CEE-4C63-9B08-2C7701B82CC0}.Debug|Any CPU.Build.0 = Debug|Any CPU
		{9C6AE6B2-1CEE-4C63-9B08-2C7701B82CC0}.Release|Any CPU.ActiveCfg = Release|Any CPU
		{9C6AE6B2-1CEE-4C63-9B08-2C7701B82CC0}.Release|Any CPU.Build.0 = Release|Any CPU
	EndGlobalSection
	GlobalSection(SolutionProperties) = preSolution
		HideSolutionNode = FALSE
	EndGlobalSection
	GlobalSection(ExtensibilityGlobals) = postSolution
		SolutionGuid = {D4F6B7C7-A9B7-4D27-AA2E-FCB04A420FC5}
	EndGlobalSection
EndGlobal
